// !$*UTF8*$!
{
	archiveVersion = 1;
	classes = {
	};
	objectVersion = 56;
	objects = {

/* Begin PBXBuildFile section */
		941382B12B84BB1B00CE5CD2 /* TZRBApp.swift in Sources */ = {isa = PBXBuildFile; fileRef = 941382B02B84BB1B00CE5CD2 /* TZRBApp.swift */; };
		941382B32B84BB1B00CE5CD2 /* ContentView.swift in Sources */ = {isa = PBXBuildFile; fileRef = 941382B22B84BB1B00CE5CD2 /* ContentView.swift */; };
		941382B52B84BB1D00CE5CD2 /* Assets.xcassets in Resources */ = {isa = PBXBuildFile; fileRef = 941382B42B84BB1D00CE5CD2 /* Assets.xcassets */; };
		941382B82B84BB1D00CE5CD2 /* Preview Assets.xcassets in Resources */ = {isa = PBXBuildFile; fileRef = 941382B72B84BB1D00CE5CD2 /* Preview Assets.xcassets */; };
		941382C02B84BB7400CE5CD2 /* IncomingData.swift in Sources */ = {isa = PBXBuildFile; fileRef = 941382BF2B84BB7400CE5CD2 /* IncomingData.swift */; };
		941382C42B84D1F700CE5CD2 /* AverageCoefficientsView.swift in Sources */ = {isa = PBXBuildFile; fileRef = 941382C32B84D1F700CE5CD2 /* AverageCoefficientsView.swift */; };
		941382C62B84E25D00CE5CD2 /* WinLoseByBookmakersView.swift in Sources */ = {isa = PBXBuildFile; fileRef = 941382C52B84E25D00CE5CD2 /* WinLoseByBookmakersView.swift */; };
		941382C82B8504E600CE5CD2 /* AvgCoefficientBarView.swift in Sources */ = {isa = PBXBuildFile; fileRef = 941382C72B8504E600CE5CD2 /* AvgCoefficientBarView.swift */; };
		941382CA2B8504F500CE5CD2 /* WinningLossesBarView.swift in Sources */ = {isa = PBXBuildFile; fileRef = 941382C92B8504F500CE5CD2 /* WinningLossesBarView.swift */; };
/* End PBXBuildFile section */

/* Begin PBXFileReference section */
		941382AD2B84BB1B00CE5CD2 /* TZRB.app */ = {isa = PBXFileReference; explicitFileType = wrapper.application; includeInIndex = 0; path = TZRB.app; sourceTree = BUILT_PRODUCTS_DIR; };
		941382B02B84BB1B00CE5CD2 /* TZRBApp.swift */ = {isa = PBXFileReference; lastKnownFileType = sourcecode.swift; path = TZRBApp.swift; sourceTree = "<group>"; };
		941382B22B84BB1B00CE5CD2 /* ContentView.swift */ = {isa = PBXFileReference; lastKnownFileType = sourcecode.swift; path = ContentView.swift; sourceTree = "<group>"; };
		941382B42B84BB1D00CE5CD2 /* Assets.xcassets */ = {isa = PBXFileReference; lastKnownFileType = folder.assetcatalog; path = Assets.xcassets; sourceTree = "<group>"; };
		941382B72B84BB1D00CE5CD2 /* Preview Assets.xcassets */ = {isa = PBXFileReference; lastKnownFileType = folder.assetcatalog; path = "Preview Assets.xcassets"; sourceTree = "<group>"; };
		941382BF2B84BB7400CE5CD2 /* IncomingData.swift */ = {isa = PBXFileReference; lastKnownFileType = sourcecode.swift; path = IncomingData.swift; sourceTree = "<group>"; };
		941382C32B84D1F700CE5CD2 /* AverageCoefficientsView.swift */ = {isa = PBXFileReference; lastKnownFileType = sourcecode.swift; path = AverageCoefficientsView.swift; sourceTree = "<group>"; };
		941382C52B84E25D00CE5CD2 /* WinLoseByBookmakersView.swift */ = {isa = PBXFileReference; lastKnownFileType = sourcecode.swift; path = WinLoseByBookmakersView.swift; sourceTree = "<group>"; };
		941382C72B8504E600CE5CD2 /* AvgCoefficientBarView.swift */ = {isa = PBXFileReference; lastKnownFileType = sourcecode.swift; path = AvgCoefficientBarView.swift; sourceTree = "<group>"; };
		941382C92B8504F500CE5CD2 /* WinningLossesBarView.swift */ = {isa = PBXFileReference; lastKnownFileType = sourcecode.swift; path = WinningLossesBarView.swift; sourceTree = "<group>"; };
/* End PBXFileReference section */

/* Begin PBXFrameworksBuildPhase section */
		941382AA2B84BB1B00CE5CD2 /* Frameworks */ = {
			isa = PBXFrameworksBuildPhase;
			buildActionMask = 2147483647;
			files = (
			);
			runOnlyForDeploymentPostprocessing = 0;
		};
/* End PBXFrameworksBuildPhase section */

/* Begin PBXGroup section */
		941382A42B84BB1B00CE5CD2 = {
			isa = PBXGroup;
			children = (
				941382AF2B84BB1B00CE5CD2 /* TZRB */,
				941382AE2B84BB1B00CE5CD2 /* Products */,
			);
			sourceTree = "<group>";
		};
		941382AE2B84BB1B00CE5CD2 /* Products */ = {
			isa = PBXGroup;
			children = (
				941382AD2B84BB1B00CE5CD2 /* TZRB.app */,
			);
			name = Products;
			sourceTree = "<group>";
		};
		941382AF2B84BB1B00CE5CD2 /* TZRB */ = {
			isa = PBXGroup;
			children = (
				941382C12B84D1E800CE5CD2 /* Views */,
				941382BE2B84BB6400CE5CD2 /* Models */,
				941382B02B84BB1B00CE5CD2 /* TZRBApp.swift */,
				941382B22B84BB1B00CE5CD2 /* ContentView.swift */,
				941382B42B84BB1D00CE5CD2 /* Assets.xcassets */,
				941382B62B84BB1D00CE5CD2 /* Preview Content */,
			);
			path = TZRB;
			sourceTree = "<group>";
		};
		941382B62B84BB1D00CE5CD2 /* Preview Content */ = {
			isa = PBXGroup;
			children = (
				941382B72B84BB1D00CE5CD2 /* Preview Assets.xcassets */,
			);
			path = "Preview Content";
			sourceTree = "<group>";
		};
		941382BE2B84BB6400CE5CD2 /* Models */ = {
			isa = PBXGroup;
			children = (
				941382BF2B84BB7400CE5CD2 /* IncomingData.swift */,
			);
			path = Models;
			sourceTree = "<group>";
		};
		941382C12B84D1E800CE5CD2 /* Views */ = {
			isa = PBXGroup;
			children = (
				941382C32B84D1F700CE5CD2 /* AverageCoefficientsView.swift */,
				941382C52B84E25D00CE5CD2 /* WinLoseByBookmakersView.swift */,
				941382C72B8504E600CE5CD2 /* AvgCoefficientBarView.swift */,
				941382C92B8504F500CE5CD2 /* WinningLossesBarView.swift */,
			);
			path = Views;
			sourceTree = "<group>";
		};
/* End PBXGroup section */

/* Begin PBXNativeTarget section */
		941382AC2B84BB1B00CE5CD2 /* TZRB */ = {
			isa = PBXNativeTarget;
			buildConfigurationList = 941382BB2B84BB1D00CE5CD2 /* Build configuration list for PBXNativeTarget "TZRB" */;
			buildPhases = (
				941382A92B84BB1B00CE5CD2 /* Sources */,
				941382AA2B84BB1B00CE5CD2 /* Frameworks */,
				941382AB2B84BB1B00CE5CD2 /* Resources */,
			);
			buildRules = (
			);
			dependencies = (
			);
			name = TZRB;
			productName = TZRB;
			productReference = 941382AD2B84BB1B00CE5CD2 /* TZRB.app */;
			productType = "com.apple.product-type.application";
		};
/* End PBXNativeTarget section */

/* Begin PBXProject section */
		941382A52B84BB1B00CE5CD2 /* Project object */ = {
			isa = PBXProject;
			attributes = {
				BuildIndependentTargetsInParallel = 1;
				LastSwiftUpdateCheck = 1510;
				LastUpgradeCheck = 1510;
				TargetAttributes = {
					941382AC2B84BB1B00CE5CD2 = {
						CreatedOnToolsVersion = 15.1;
					};
				};
			};
			buildConfigurationList = 941382A82B84BB1B00CE5CD2 /* Build configuration list for PBXProject "TZRB" */;
			compatibilityVersion = "Xcode 14.0";
			developmentRegion = en;
			hasScannedForEncodings = 0;
			knownRegions = (
				en,
				Base,
			);
			mainGroup = 941382A42B84BB1B00CE5CD2;
			productRefGroup = 941382AE2B84BB1B00CE5CD2 /* Products */;
			projectDirPath = "";
			projectRoot = "";
			targets = (
				941382AC2B84BB1B00CE5CD2 /* TZRB */,
			);
		};
/* End PBXProject section */

/* Begin PBXResourcesBuildPhase section */
		941382AB2B84BB1B00CE5CD2 /* Resources */ = {
			isa = PBXResourcesBuildPhase;
			buildActionMask = 2147483647;
			files = (
				941382B82B84BB1D00CE5CD2 /* Preview Assets.xcassets in Resources */,
				941382B52B84BB1D00CE5CD2 /* Assets.xcassets in Resources */,
			);
			runOnlyForDeploymentPostprocessing = 0;
		};
/* End PBXResourcesBuildPhase section */

/* Begin PBXSourcesBuildPhase section */
		941382A92B84BB1B00CE5CD2 /* Sources */ = {
			isa = PBXSourcesBuildPhase;
			buildActionMask = 2147483647;
			files = (
				941382C62B84E25D00CE5CD2 /* WinLoseByBookmakersView.swift in Sources */,
				941382C82B8504E600CE5CD2 /* AvgCoefficientBarView.swift in Sources */,
				941382B32B84BB1B00CE5CD2 /* ContentView.swift in Sources */,
				941382CA2B8504F500CE5CD2 /* WinningLossesBarView.swift in Sources */,
				941382C42B84D1F700CE5CD2 /* AverageCoefficientsView.swift in Sources */,
				941382B12B84BB1B00CE5CD2 /* TZRBApp.swift in Sources */,
				941382C02B84BB7400CE5CD2 /* IncomingData.swift in Sources */,
			);
			runOnlyForDeploymentPostprocessing = 0;
		};
/* End PBXSourcesBuildPhase section */

/* Begin XCBuildConfiguration section */
		941382B92B84BB1D00CE5CD2 /* Debug */ = {
			isa = XCBuildConfiguration;
			buildSettings = {
				ALWAYS_SEARCH_USER_PATHS = NO;
				ASSETCATALOG_COMPILER_GENERATE_SWIFT_ASSET_SYMBOL_EXTENSIONS = YES;
				CLANG_ANALYZER_NONNULL = YES;
				CLANG_ANALYZER_NUMBER_OBJECT_CONVERSION = YES_AGGRESSIVE;
				CLANG_CXX_LANGUAGE_STANDARD = "gnu++20";
				CLANG_ENABLE_MODULES = YES;
				CLANG_ENABLE_OBJC_ARC = YES;
				CLANG_ENABLE_OBJC_WEAK = YES;
				CLANG_WARN_BLOCK_CAPTURE_AUTORELEASING = YES;
				CLANG_WARN_BOOL_CONVERSION = YES;
				CLANG_WARN_COMMA = YES;
				CLANG_WARN_CONSTANT_CONVERSION = YES;
				CLANG_WARN_DEPRECATED_OBJC_IMPLEMENTATIONS = YES;
				CLANG_WARN_DIRECT_OBJC_ISA_USAGE = YES_ERROR;
				CLANG_WARN_DOCUMENTATION_COMMENTS = YES;
				CLANG_WARN_EMPTY_BODY = YES;
				CLANG_WARN_ENUM_CONVERSION = YES;
				CLANG_WARN_INFINITE_RECURSION = YES;
				CLANG_WARN_INT_CONVERSION = YES;
				CLANG_WARN_NON_LITERAL_NULL_CONVERSION = YES;
				CLANG_WARN_OBJC_IMPLICIT_RETAIN_SELF = YES;
				CLANG_WARN_OBJC_LITERAL_CONVERSION = YES;
				CLANG_WARN_OBJC_ROOT_CLASS = YES_ERROR;
				CLANG_WARN_QUOTED_INCLUDE_IN_FRAMEWORK_HEADER = YES;
				CLANG_WARN_RANGE_LOOP_ANALYSIS = YES;
				CLANG_WARN_STRICT_PROTOTYPES = YES;
				CLANG_WARN_SUSPICIOUS_MOVE = YES;
				CLANG_WARN_UNGUARDED_AVAILABILITY = YES_AGGRESSIVE;
				CLANG_WARN_UNREACHABLE_CODE = YES;
				CLANG_WARN__DUPLICATE_METHOD_MATCH = YES;
				COPY_PHASE_STRIP = NO;
				DEBUG_INFORMATION_FORMAT = dwarf;
				ENABLE_STRICT_OBJC_MSGSEND = YES;
				ENABLE_TESTABILITY = YES;
				ENABLE_USER_SCRIPT_SANDBOXING = YES;
				GCC_C_LANGUAGE_STANDARD = gnu17;
				GCC_DYNAMIC_NO_PIC = NO;
				GCC_NO_COMMON_BLOCKS = YES;
				GCC_OPTIMIZATION_LEVEL = 0;
				GCC_PREPROCESSOR_DEFINITIONS = (
					"DEBUG=1",
					"$(inherited)",
				);
				GCC_WARN_64_TO_32_BIT_CONVERSION = YES;
				GCC_WARN_ABOUT_RETURN_TYPE = YES_ERROR;
				GCC_WARN_UNDECLARED_SELECTOR = YES;
				GCC_WARN_UNINITIALIZED_AUTOS = YES_AGGRESSIVE;
				GCC_WARN_UNUSED_FUNCTION = YES;
				GCC_WARN_UNUSED_VARIABLE = YES;
				IPHONEOS_DEPLOYMENT_TARGET = 15.0;
				LOCALIZATION_PREFERS_STRING_CATALOGS = YES;
				MTL_ENABLE_DEBUG_INFO = INCLUDE_SOURCE;
				MTL_FAST_MATH = YES;
				ONLY_ACTIVE_ARCH = YES;
				SDKROOT = iphoneos;
				SWIFT_ACTIVE_COMPILATION_CONDITIONS = "DEBUG $(inherited)";
				SWIFT_OPTIMIZATION_LEVEL = "-Onone";
			};
			name = Debug;
		};
		941382BA2B84BB1D00CE5CD2 /* Release */ = {
			isa = XCBuildConfiguration;
			buildSettings = {
				ALWAYS_SEARCH_USER_PATHS = NO;
				ASSETCATALOG_COMPILER_GENERATE_SWIFT_ASSET_SYMBOL_EXTENSIONS = YES;
				CLANG_ANALYZER_NONNULL = YES;
				CLANG_ANALYZER_NUMBER_OBJECT_CONVERSION = YES_AGGRESSIVE;
				CLANG_CXX_LANGUAGE_STANDARD = "gnu++20";
				CLANG_ENABLE_MODULES = YES;
				CLANG_ENABLE_OBJC_ARC = YES;
				CLANG_ENABLE_OBJC_WEAK = YES;
				CLANG_WARN_BLOCK_CAPTURE_AUTORELEASING = YES;
				CLANG_WARN_BOOL_CONVERSION = YES;
				CLANG_WARN_COMMA = YES;
				CLANG_WARN_CONSTANT_CONVERSION = YES;
				CLANG_WARN_DEPRECATED_OBJC_IMPLEMENTATIONS = YES;
				CLANG_WARN_DIRECT_OBJC_ISA_USAGE = YES_ERROR;
				CLANG_WARN_DOCUMENTATION_COMMENTS = YES;
				CLANG_WARN_EMPTY_BODY = YES;
				CLANG_WARN_ENUM_CONVERSION = YES;
				CLANG_WARN_INFINITE_RECURSION = YES;
				CLANG_WARN_INT_CONVERSION = YES;
				CLANG_WARN_NON_LITERAL_NULL_CONVERSION = YES;
				CLANG_WARN_OBJC_IMPLICIT_RETAIN_SELF = YES;
				CLANG_WARN_OBJC_LITERAL_CONVERSION = YES;
				CLANG_WARN_OBJC_ROOT_CLASS = YES_ERROR;
				CLANG_WARN_QUOTED_INCLUDE_IN_FRAMEWORK_HEADER = YES;
				CLANG_WARN_RANGE_LOOP_ANALYSIS = YES;
				CLANG_WARN_STRICT_PROTOTYPES = YES;
				CLANG_WARN_SUSPICIOUS_MOVE = YES;
				CLANG_WARN_UNGUARDED_AVAILABILITY = YES_AGGRESSIVE;
				CLANG_WARN_UNREACHABLE_CODE = YES;
				CLANG_WARN__DUPLICATE_METHOD_MATCH = YES;
				COPY_PHASE_STRIP = NO;
				DEBUG_INFORMATION_FORMAT = "dwarf-with-dsym";
				ENABLE_NS_ASSERTIONS = NO;
				ENABLE_STRICT_OBJC_MSGSEND = YES;
				ENABLE_USER_SCRIPT_SANDBOXING = YES;
				GCC_C_LANGUAGE_STANDARD = gnu17;
				GCC_NO_COMMON_BLOCKS = YES;
				GCC_WARN_64_TO_32_BIT_CONVERSION = YES;
				GCC_WARN_ABOUT_RETURN_TYPE = YES_ERROR;
				GCC_WARN_UNDECLARED_SELECTOR = YES;
				GCC_WARN_UNINITIALIZED_AUTOS = YES_AGGRESSIVE;
				GCC_WARN_UNUSED_FUNCTION = YES;
				GCC_WARN_UNUSED_VARIABLE = YES;
				IPHONEOS_DEPLOYMENT_TARGET = 15.0;
				LOCALIZATION_PREFERS_STRING_CATALOGS = YES;
				MTL_ENABLE_DEBUG_INFO = NO;
				MTL_FAST_MATH = YES;
				SDKROOT = iphoneos;
				SWIFT_COMPILATION_MODE = wholemodule;
				VALIDATE_PRODUCT = YES;
			};
			name = Release;
		};
		941382BC2B84BB1D00CE5CD2 /* Debug */ = {
			isa = XCBuildConfiguration;
			buildSettings = {
				ASSETCATALOG_COMPILER_APPICON_NAME = AppIcon;
				ASSETCATALOG_COMPILER_GLOBAL_ACCENT_COLOR_NAME = AccentColor;
				CODE_SIGN_STYLE = Automatic;
				CURRENT_PROJECT_VERSION = 1;
				DEVELOPMENT_ASSET_PATHS = "\"TZRB/Preview Content\"";
				DEVELOPMENT_TEAM = U3CGT88S32;
				ENABLE_PREVIEWS = YES;
				GENERATE_INFOPLIST_FILE = YES;
				INFOPLIST_KEY_UIApplicationSceneManifest_Generation = YES;
				INFOPLIST_KEY_UIApplicationSupportsIndirectInputEvents = YES;
				INFOPLIST_KEY_UILaunchScreen_Generation = YES;
				INFOPLIST_KEY_UISupportedInterfaceOrientations_iPad = "UIInterfaceOrientationPortrait UIInterfaceOrientationPortraitUpsideDown UIInterfaceOrientationLandscapeLeft UIInterfaceOrientationLandscapeRight";
				INFOPLIST_KEY_UISupportedInterfaceOrientations_iPhone = "UIInterfaceOrientationPortrait UIInterfaceOrientationLandscapeLeft UIInterfaceOrientationLandscapeRight";
				IPHONEOS_DEPLOYMENT_TARGET = 15.0;
				LD_RUNPATH_SEARCH_PATHS = (
					"$(inherited)",
					"@executable_path/Frameworks",
				);
				MARKETING_VERSION = 1.0;
				PRODUCT_BUNDLE_IDENTIFIER = com.armeniaorg.TZRB;
				PRODUCT_NAME = "$(TARGET_NAME)";
				SWIFT_EMIT_LOC_STRINGS = YES;
				SWIFT_VERSION = 5.0;
				TARGETED_DEVICE_FAMILY = "1,2";
			};
			name = Debug;
		};
		941382BD2B84BB1D00CE5CD2 /* Release */ = {
			isa = XCBuildConfiguration;
			buildSettings = {
				ASSETCATALOG_COMPILER_APPICON_NAME = AppIcon;
				ASSETCATALOG_COMPILER_GLOBAL_ACCENT_COLOR_NAME = AccentColor;
				CODE_SIGN_STYLE = Automatic;
				CURRENT_PROJECT_VERSION = 1;
				DEVELOPMENT_ASSET_PATHS = "\"TZRB/Preview Content\"";
				DEVELOPMENT_TEAM = U3CGT88S32;
				ENABLE_PREVIEWS = YES;
				GENERATE_INFOPLIST_FILE = YES;
				INFOPLIST_KEY_UIApplicationSceneManifest_Generation = YES;
				INFOPLIST_KEY_UIApplicationSupportsIndirectInputEvents = YES;
				INFOPLIST_KEY_UILaunchScreen_Generation = YES;
				INFOPLIST_KEY_UISupportedInterfaceOrientations_iPad = "UIInterfaceOrientationPortrait UIInterfaceOrientationPortraitUpsideDown UIInterfaceOrientationLandscapeLeft UIInterfaceOrientationLandscapeRight";
				INFOPLIST_KEY_UISupportedInterfaceOrientations_iPhone = "UIInterfaceOrientationPortrait UIInterfaceOrientationLandscapeLeft UIInterfaceOrientationLandscapeRight";
				IPHONEOS_DEPLOYMENT_TARGET = 15.0;
				LD_RUNPATH_SEARCH_PATHS = (
					"$(inherited)",
					"@executable_path/Frameworks",
				);
				MARKETING_VERSION = 1.0;
				PRODUCT_BUNDLE_IDENTIFIER = com.armeniaorg.TZRB;
				PRODUCT_NAME = "$(TARGET_NAME)";
				SWIFT_EMIT_LOC_STRINGS = YES;
				SWIFT_VERSION = 5.0;
				TARGETED_DEVICE_FAMILY = "1,2";
			};
			name = Release;
		};
/* End XCBuildConfiguration section */

/* Begin XCConfigurationList section */
		941382A82B84BB1B00CE5CD2 /* Build configuration list for PBXProject "TZRB" */ = {
			isa = XCConfigurationList;
			buildConfigurations = (
				941382B92B84BB1D00CE5CD2 /* Debug */,
				941382BA2B84BB1D00CE5CD2 /* Release */,
			);
			defaultConfigurationIsVisible = 0;
			defaultConfigurationName = Release;
		};
		941382BB2B84BB1D00CE5CD2 /* Build configuration list for PBXNativeTarget "TZRB" */ = {
			isa = XCConfigurationList;
			buildConfigurations = (
				941382BC2B84BB1D00CE5CD2 /* Debug */,
				941382BD2B84BB1D00CE5CD2 /* Release */,
			);
			defaultConfigurationIsVisible = 0;
			defaultConfigurationName = Release;
		};
/* End XCConfigurationList section */
	};
	rootObject = 941382A52B84BB1B00CE5CD2 /* Project object */;
}
